PODS:
  - Kingfisher (4.8.0)
  - SKPhotoBrowser (5.1.0)
  - SKPhotoBrowser-Kingfisher (1.0.0):
    - SKPhotoBrowser-Kingfisher/Core (= 1.0.0)
  - SKPhotoBrowser-Kingfisher/Core (1.0.0):
    - Kingfisher (~> 4.0)
    - SKPhotoBrowser (~> 5.0)

DEPENDENCIES:
  - SKPhotoBrowser-Kingfisher (from `../`)

SPEC REPOS:
  https://github.com/cocoapods/specs.git:
    - Kingfisher
    - SKPhotoBrowser

EXTERNAL SOURCES:
  SKPhotoBrowser-Kingfisher:
    :path: "../"

SPEC CHECKSUMS:
  Kingfisher: 976d828df2b24834c6a3f2fc4d82cdbd26552be1
  SKPhotoBrowser: c20c1da34d737b4e3e101feead6c8dd92ebf860a
  SKPhotoBrowser-Kingfisher: 437d2984a8e0fbba4f786fc995773ccbc8944146

PODFILE CHECKSUM: 49535003c9be595ebd1a6b6a221e2d4e4add2f3f

COCOAPODS: 1.5.3
